
Microsoft Visual Studio Solution File, Format Version 12.00
Project("{2150E333-8FDC-42A3-9474-1A3956D46DE8}") = "Task0", "Task0", "{F2922EB6-2499-412C-9048-4721E4A41BD9}"
EndProject
Project("{FAE04EC0-301F-11D3-BF4B-00C04F79EFBC}") = "Tyuiu.RuslyakovSV.Sprint1.Task0.V24", "Tyuiu.RuslyakovSV.Sprint1.Task0.V24\Tyuiu.RuslyakovSV.Sprint1.Task0.V24.csproj", "{0121FC4D-2D58-4C0F-B444-92D5599AACDE}"
EndProject
Project("{FAE04EC0-301F-11D3-BF4B-00C04F79EFBC}") = "Tyuiu.RuslyakovSV.Sprint1.Task0.V24.Lib", "Tyuiu.RuslyakovSV.Sprint1.Task0.V24.Lib\Tyuiu.RuslyakovSV.Sprint1.Task0.V24.Lib.csproj", "{339060D5-B02C-4C67-A471-4C5C9B469377}"
EndProject
Project("{FAE04EC0-301F-11D3-BF4B-00C04F79EFBC}") = "Tyuiu.RuslyakovSV.Sprint1.Task0.V24.Test", "Tyuiu.RuslyakovSV.Sprint1.Task0.V24.Test\Tyuiu.RuslyakovSV.Sprint1.Task0.V24.Test.csproj", "{9073598F-1A14-45F1-8FAA-77B96B3BBC1B}"
EndProject
Project("{2150E333-8FDC-42A3-9474-1A3956D46DE8}") = "Task1", "Task1", "{F9F6A57F-B1DD-4A2A-A72D-DAF565F05449}"
EndProject
Project("{FAE04EC0-301F-11D3-BF4B-00C04F79EFBC}") = "Tyuiu.RuslyakovSV.Sprint1.Task1.V21", "Tyuiu.RuslyakovSV.Sprint1.Task1.V21\Tyuiu.RuslyakovSV.Sprint1.Task1.V21.csproj", "{AD3F5D3E-019A-415B-8D76-466440D51847}"
EndProject
Project("{FAE04EC0-301F-11D3-BF4B-00C04F79EFBC}") = "Tyuiu.RuslyakovSV.Sprint1.Task1.V21.Lib", "Tyuiu.RuslyakovSV.Sprint1.Task1.V21.Lib\Tyuiu.RuslyakovSV.Sprint1.Task1.V21.Lib.csproj", "{3436D573-9BFF-4404-AAF0-ADED13A34DA8}"
EndProject
Project("{FAE04EC0-301F-11D3-BF4B-00C04F79EFBC}") = "Tyuiu.RuslyakovSV.Sprint1.Task1.V21.Test", "Tyuiu.RuslyakovSV.Sprint1.Task1.V21.Test\Tyuiu.RuslyakovSV.Sprint1.Task1.V21.Test.csproj", "{F44D4B58-6234-46DA-85EA-8B4BE8FD02CF}"
EndProject
Project("{2150E333-8FDC-42A3-9474-1A3956D46DE8}") = "Task2", "Task2", "{3A705DFB-27DE-463A-91D2-B9EA4A643BF2}"
EndProject
Project("{FAE04EC0-301F-11D3-BF4B-00C04F79EFBC}") = "Tyuiu.RuslyakovSV.Sprint1.Task2.V7", "Tyuiu.RuslyakovSV.Sprint1.Task2.V7\Tyuiu.RuslyakovSV.Sprint1.Task2.V7.csproj", "{4A9ED5D7-3667-49DC-BFA4-BC11E9C7C8C3}"
EndProject
Project("{FAE04EC0-301F-11D3-BF4B-00C04F79EFBC}") = "Tyuiu.RuslyakovSV.Sprint1.Task2.V7.Lib", "Tyuiu.RuslyakovSV.Sprint1.Task2.V7.Lib\Tyuiu.RuslyakovSV.Sprint1.Task2.V7.Lib.csproj", "{86ADD240-448A-41DA-A808-904F61A6AA6D}"
EndProject
Project("{FAE04EC0-301F-11D3-BF4B-00C04F79EFBC}") = "Tyuiu.RuslyakovSV.Sprint1.Task2.V7.Test", "Tyuiu.RuslyakovSV.Sprint1.Task2.V7.Test\Tyuiu.RuslyakovSV.Sprint1.Task2.V7.Test.csproj", "{2BF8651C-A5F8-427C-ACC7-CDE862B8B837}"
EndProject
Project("{2150E333-8FDC-42A3-9474-1A3956D46DE8}") = "Task3", "Task3", "{51F73D11-657C-4ADF-8B4C-7E48AA98127C}"
EndProject
Project("{FAE04EC0-301F-11D3-BF4B-00C04F79EFBC}") = "Tyuiu.RuslyakovSV.Sprint1.Task3.V6", "Tyuiu.RuslyakovSV.Sprint1.Task3.V6\Tyuiu.RuslyakovSV.Sprint1.Task3.V6.csproj", "{85B46088-F9D1-4C44-9DEB-F452A7029872}"
EndProject
Project("{FAE04EC0-301F-11D3-BF4B-00C04F79EFBC}") = "Tyuiu.RuslyakovSV.Sprint1.Task3.V6.Lib", "Tyuiu.RuslyakovSV.Sprint1.Task3.V6.Lib\Tyuiu.RuslyakovSV.Sprint1.Task3.V6.Lib.csproj", "{FC2A9D4D-C47A-4718-BAB6-D31399CC7251}"
EndProject
Project("{FAE04EC0-301F-11D3-BF4B-00C04F79EFBC}") = "Tyuiu.RuslyakovSV.Sprint1.Task3.V6.Test", "Tyuiu.RuslyakovSV.Sprint1.Task3.V6.Test\Tyuiu.RuslyakovSV.Sprint1.Task3.V6.Test.csproj", "{5ADDA295-579C-47C0-8CCE-8C575605DC31}"
EndProject
Project("{2150E333-8FDC-42A3-9474-1A3956D46DE8}") = "Task4", "Task4", "{C31B1914-67E0-43D1-AE78-87F544404CE7}"
EndProject
Project("{FAE04EC0-301F-11D3-BF4B-00C04F79EFBC}") = "Tyuiu.RuslyakovSV.Sprint1.Task4.V9", "Tyuiu.RuslyakovSV.Sprint1.Task4.V9\Tyuiu.RuslyakovSV.Sprint1.Task4.V9.csproj", "{4EA4BA77-CF3C-4EAF-A180-14FFAEB38038}"
EndProject
Project("{FAE04EC0-301F-11D3-BF4B-00C04F79EFBC}") = "Tyuiu.RuslyakovSV.Sprint1.Task4.V9.Lib", "Tyuiu.RuslyakovSV.Sprint1.Task4.V9.Lib\Tyuiu.RuslyakovSV.Sprint1.Task4.V9.Lib.csproj", "{CA25E016-9059-44DE-8F12-A141A15C2114}"
EndProject
Project("{FAE04EC0-301F-11D3-BF4B-00C04F79EFBC}") = "Tyuiu.RuslyakovSV.Sprint1.Task4.V9.Test", "Tyuiu.RuslyakovSV.Sprint1.Task4.V9.Test\Tyuiu.RuslyakovSV.Sprint1.Task4.V9.Test.csproj", "{33A27C93-244B-44B2-B4E4-C6F48DF50E87}"
EndProject
Project("{2150E333-8FDC-42A3-9474-1A3956D46DE8}") = "Task5", "Task5", "{5094B6AA-6200-4126-A5E5-70962EACA4CF}"
EndProject
Project("{FAE04EC0-301F-11D3-BF4B-00C04F79EFBC}") = "Tyuiu.RuslyakovSV.Sprint1.Task5.V6", "Tyuiu.RuslyakovSV.Sprint1.Task5.V6\Tyuiu.RuslyakovSV.Sprint1.Task5.V6.csproj", "{38046C1D-C21F-44B3-9934-39D28DE8B157}"
EndProject
Project("{FAE04EC0-301F-11D3-BF4B-00C04F79EFBC}") = "Tyuiu.RuslyakovSV.Sprint1.Task5.V6.Lib", "Tyuiu.RuslyakovSV.Sprint1.Task5.V6.Lib\Tyuiu.RuslyakovSV.Sprint1.Task5.V6.Lib.csproj", "{74E7588F-C791-40D4-B9A5-D9D06DDD9018}"
EndProject
Project("{FAE04EC0-301F-11D3-BF4B-00C04F79EFBC}") = "Tyuiu.RuslyakovSV.Sprint1.Task5.V6.Test", "Tyuiu.RuslyakovSV.Sprint1.Task5.V6.Test\Tyuiu.RuslyakovSV.Sprint1.Task5.V6.Test.csproj", "{C71D1819-5F70-4D6F-9427-99629E7AF383}"
EndProject
Project("{2150E333-8FDC-42A3-9474-1A3956D46DE8}") = "Task6", "Task6", "{A5D3D7EC-09A7-4CAE-A4B3-A29965E81E1D}"
EndProject
Project("{FAE04EC0-301F-11D3-BF4B-00C04F79EFBC}") = "Tyuiu.RuslyakovSV.Sprint1.Task6.V9", "Tyuiu.RuslyakovSV.Sprint1.Task6.V9\Tyuiu.RuslyakovSV.Sprint1.Task6.V9.csproj", "{04BAD048-22F4-4675-95D0-962D3DF6A6FB}"
EndProject
Project("{FAE04EC0-301F-11D3-BF4B-00C04F79EFBC}") = "Tyuiu.RuslyakovSV.Sprint1.Task6.V9.Lib", "Tyuiu.RuslyakovSV.Sprint1.Task6.V9.Lib\Tyuiu.RuslyakovSV.Sprint1.Task6.V9.Lib.csproj", "{70EDC92F-0A5D-4E4A-8864-E40CDEB57545}"
EndProject
Project("{FAE04EC0-301F-11D3-BF4B-00C04F79EFBC}") = "Tyuiu.RuslyakovSV.Sprint1.Task6.V9.Test", "Tyuiu.RuslyakovSV.Sprint1.Task6.V9.Test\Tyuiu.RuslyakovSV.Sprint1.Task6.V9.Test.csproj", "{06FEF5AA-7C49-4388-B370-ECB6278A9B67}"
EndProject
Global
	GlobalSection(SolutionConfigurationPlatforms) = preSolution
		Debug|Any CPU = Debug|Any CPU
		Release|Any CPU = Release|Any CPU
	EndGlobalSection
	GlobalSection(ProjectConfigurationPlatforms) = postSolution
		{0121FC4D-2D58-4C0F-B444-92D5599AACDE}.Debug|Any CPU.ActiveCfg = Debug|Any CPU
		{0121FC4D-2D58-4C0F-B444-92D5599AACDE}.Debug|Any CPU.Build.0 = Debug|Any CPU
		{0121FC4D-2D58-4C0F-B444-92D5599AACDE}.Release|Any CPU.ActiveCfg = Release|Any CPU
		{0121FC4D-2D58-4C0F-B444-92D5599AACDE}.Release|Any CPU.Build.0 = Release|Any CPU
		{339060D5-B02C-4C67-A471-4C5C9B469377}.Debug|Any CPU.ActiveCfg = Debug|Any CPU
		{339060D5-B02C-4C67-A471-4C5C9B469377}.Debug|Any CPU.Build.0 = Debug|Any CPU
		{339060D5-B02C-4C67-A471-4C5C9B469377}.Release|Any CPU.ActiveCfg = Release|Any CPU
		{339060D5-B02C-4C67-A471-4C5C9B469377}.Release|Any CPU.Build.0 = Release|Any CPU
		{9073598F-1A14-45F1-8FAA-77B96B3BBC1B}.Debug|Any CPU.ActiveCfg = Debug|Any CPU
		{9073598F-1A14-45F1-8FAA-77B96B3BBC1B}.Debug|Any CPU.Build.0 = Debug|Any CPU
		{9073598F-1A14-45F1-8FAA-77B96B3BBC1B}.Release|Any CPU.ActiveCfg = Release|Any CPU
		{9073598F-1A14-45F1-8FAA-77B96B3BBC1B}.Release|Any CPU.Build.0 = Release|Any CPU
		{AD3F5D3E-019A-415B-8D76-466440D51847}.Debug|Any CPU.ActiveCfg = Debug|Any CPU
		{AD3F5D3E-019A-415B-8D76-466440D51847}.Debug|Any CPU.Build.0 = Debug|Any CPU
		{AD3F5D3E-019A-415B-8D76-466440D51847}.Release|Any CPU.ActiveCfg = Release|Any CPU
		{AD3F5D3E-019A-415B-8D76-466440D51847}.Release|Any CPU.Build.0 = Release|Any CPU
		{3436D573-9BFF-4404-AAF0-ADED13A34DA8}.Debug|Any CPU.ActiveCfg = Debug|Any CPU
		{3436D573-9BFF-4404-AAF0-ADED13A34DA8}.Debug|Any CPU.Build.0 = Debug|Any CPU
		{3436D573-9BFF-4404-AAF0-ADED13A34DA8}.Release|Any CPU.ActiveCfg = Release|Any CPU
		{3436D573-9BFF-4404-AAF0-ADED13A34DA8}.Release|Any CPU.Build.0 = Release|Any CPU
		{F44D4B58-6234-46DA-85EA-8B4BE8FD02CF}.Debug|Any CPU.ActiveCfg = Debug|Any CPU
		{F44D4B58-6234-46DA-85EA-8B4BE8FD02CF}.Debug|Any CPU.Build.0 = Debug|Any CPU
		{F44D4B58-6234-46DA-85EA-8B4BE8FD02CF}.Release|Any CPU.ActiveCfg = Release|Any CPU
		{F44D4B58-6234-46DA-85EA-8B4BE8FD02CF}.Release|Any CPU.Build.0 = Release|Any CPU
		{4A9ED5D7-3667-49DC-BFA4-BC11E9C7C8C3}.Debug|Any CPU.ActiveCfg = Debug|Any CPU
		{4A9ED5D7-3667-49DC-BFA4-BC11E9C7C8C3}.Debug|Any CPU.Build.0 = Debug|Any CPU
		{4A9ED5D7-3667-49DC-BFA4-BC11E9C7C8C3}.Release|Any CPU.ActiveCfg = Release|Any CPU
		{4A9ED5D7-3667-49DC-BFA4-BC11E9C7C8C3}.Release|Any CPU.Build.0 = Release|Any CPU
		{86ADD240-448A-41DA-A808-904F61A6AA6D}.Debug|Any CPU.ActiveCfg = Debug|Any CPU
		{86ADD240-448A-41DA-A808-904F61A6AA6D}.Debug|Any CPU.Build.0 = Debug|Any CPU
		{86ADD240-448A-41DA-A808-904F61A6AA6D}.Release|Any CPU.ActiveCfg = Release|Any CPU
		{86ADD240-448A-41DA-A808-904F61A6AA6D}.Release|Any CPU.Build.0 = Release|Any CPU
		{2BF8651C-A5F8-427C-ACC7-CDE862B8B837}.Debug|Any CPU.ActiveCfg = Debug|Any CPU
		{2BF8651C-A5F8-427C-ACC7-CDE862B8B837}.Debug|Any CPU.Build.0 = Debug|Any CPU
		{2BF8651C-A5F8-427C-ACC7-CDE862B8B837}.Release|Any CPU.ActiveCfg = Release|Any CPU
		{2BF8651C-A5F8-427C-ACC7-CDE862B8B837}.Release|Any CPU.Build.0 = Release|Any CPU
		{85B46088-F9D1-4C44-9DEB-F452A7029872}.Debug|Any CPU.ActiveCfg = Debug|Any CPU
		{85B46088-F9D1-4C44-9DEB-F452A7029872}.Debug|Any CPU.Build.0 = Debug|Any CPU
		{85B46088-F9D1-4C44-9DEB-F452A7029872}.Release|Any CPU.ActiveCfg = Release|Any CPU
		{85B46088-F9D1-4C44-9DEB-F452A7029872}.Release|Any CPU.Build.0 = Release|Any CPU
		{FC2A9D4D-C47A-4718-BAB6-D31399CC7251}.Debug|Any CPU.ActiveCfg = Debug|Any CPU
		{FC2A9D4D-C47A-4718-BAB6-D31399CC7251}.Debug|Any CPU.Build.0 = Debug|Any CPU
		{FC2A9D4D-C47A-4718-BAB6-D31399CC7251}.Release|Any CPU.ActiveCfg = Release|Any CPU
		{FC2A9D4D-C47A-4718-BAB6-D31399CC7251}.Release|Any CPU.Build.0 = Release|Any CPU
		{5ADDA295-579C-47C0-8CCE-8C575605DC31}.Debug|Any CPU.ActiveCfg = Debug|Any CPU
		{5ADDA295-579C-47C0-8CCE-8C575605DC31}.Debug|Any CPU.Build.0 = Debug|Any CPU
		{5ADDA295-579C-47C0-8CCE-8C575605DC31}.Release|Any CPU.ActiveCfg = Release|Any CPU
		{5ADDA295-579C-47C0-8CCE-8C575605DC31}.Release|Any CPU.Build.0 = Release|Any CPU
		{4EA4BA77-CF3C-4EAF-A180-14FFAEB38038}.Debug|Any CPU.ActiveCfg = Debug|Any CPU
		{4EA4BA77-CF3C-4EAF-A180-14FFAEB38038}.Debug|Any CPU.Build.0 = Debug|Any CPU
		{4EA4BA77-CF3C-4EAF-A180-14FFAEB38038}.Release|Any CPU.ActiveCfg = Release|Any CPU
		{4EA4BA77-CF3C-4EAF-A180-14FFAEB38038}.Release|Any CPU.Build.0 = Release|Any CPU
		{CA25E016-9059-44DE-8F12-A141A15C2114}.Debug|Any CPU.ActiveCfg = Debug|Any CPU
		{CA25E016-9059-44DE-8F12-A141A15C2114}.Debug|Any CPU.Build.0 = Debug|Any CPU
		{CA25E016-9059-44DE-8F12-A141A15C2114}.Release|Any CPU.ActiveCfg = Release|Any CPU
		{CA25E016-9059-44DE-8F12-A141A15C2114}.Release|Any CPU.Build.0 = Release|Any CPU
		{33A27C93-244B-44B2-B4E4-C6F48DF50E87}.Debug|Any CPU.ActiveCfg = Debug|Any CPU
		{33A27C93-244B-44B2-B4E4-C6F48DF50E87}.Debug|Any CPU.Build.0 = Debug|Any CPU
		{33A27C93-244B-44B2-B4E4-C6F48DF50E87}.Release|Any CPU.ActiveCfg = Release|Any CPU
		{33A27C93-244B-44B2-B4E4-C6F48DF50E87}.Release|Any CPU.Build.0 = Release|Any CPU
		{38046C1D-C21F-44B3-9934-39D28DE8B157}.Debug|Any CPU.ActiveCfg = Debug|Any CPU
		{38046C1D-C21F-44B3-9934-39D28DE8B157}.Debug|Any CPU.Build.0 = Debug|Any CPU
		{38046C1D-C21F-44B3-9934-39D28DE8B157}.Release|Any CPU.ActiveCfg = Release|Any CPU
		{38046C1D-C21F-44B3-9934-39D28DE8B157}.Release|Any CPU.Build.0 = Release|Any CPU
		{74E7588F-C791-40D4-B9A5-D9D06DDD9018}.Debug|Any CPU.ActiveCfg = Debug|Any CPU
		{74E7588F-C791-40D4-B9A5-D9D06DDD9018}.Debug|Any CPU.Build.0 = Debug|Any CPU
		{74E7588F-C791-40D4-B9A5-D9D06DDD9018}.Release|Any CPU.ActiveCfg = Release|Any CPU
		{74E7588F-C791-40D4-B9A5-D9D06DDD9018}.Release|Any CPU.Build.0 = Release|Any CPU
		{C71D1819-5F70-4D6F-9427-99629E7AF383}.Debug|Any CPU.ActiveCfg = Debug|Any CPU
		{C71D1819-5F70-4D6F-9427-99629E7AF383}.Debug|Any CPU.Build.0 = Debug|Any CPU
		{C71D1819-5F70-4D6F-9427-99629E7AF383}.Release|Any CPU.ActiveCfg = Release|Any CPU
		{C71D1819-5F70-4D6F-9427-99629E7AF383}.Release|Any CPU.Build.0 = Release|Any CPU
		{04BAD048-22F4-4675-95D0-962D3DF6A6FB}.Debug|Any CPU.ActiveCfg = Debug|Any CPU
		{04BAD048-22F4-4675-95D0-962D3DF6A6FB}.Debug|Any CPU.Build.0 = Debug|Any CPU
		{04BAD048-22F4-4675-95D0-962D3DF6A6FB}.Release|Any CPU.ActiveCfg = Release|Any CPU
		{04BAD048-22F4-4675-95D0-962D3DF6A6FB}.Release|Any CPU.Build.0 = Release|Any CPU
		{70EDC92F-0A5D-4E4A-8864-E40CDEB57545}.Debug|Any CPU.ActiveCfg = Debug|Any CPU
		{70EDC92F-0A5D-4E4A-8864-E40CDEB57545}.Debug|Any CPU.Build.0 = Debug|Any CPU
		{70EDC92F-0A5D-4E4A-8864-E40CDEB57545}.Release|Any CPU.ActiveCfg = Release|Any CPU
		{70EDC92F-0A5D-4E4A-8864-E40CDEB57545}.Release|Any CPU.Build.0 = Release|Any CPU
		{06FEF5AA-7C49-4388-B370-ECB6278A9B67}.Debug|Any CPU.ActiveCfg = Debug|Any CPU
		{06FEF5AA-7C49-4388-B370-ECB6278A9B67}.Debug|Any CPU.Build.0 = Debug|Any CPU
		{06FEF5AA-7C49-4388-B370-ECB6278A9B67}.Release|Any CPU.ActiveCfg = Release|Any CPU
		{06FEF5AA-7C49-4388-B370-ECB6278A9B67}.Release|Any CPU.Build.0 = Release|Any CPU
	EndGlobalSection
	GlobalSection(NestedProjects) = preSolution
		{0121FC4D-2D58-4C0F-B444-92D5599AACDE} = {F2922EB6-2499-412C-9048-4721E4A41BD9}
		{339060D5-B02C-4C67-A471-4C5C9B469377} = {F2922EB6-2499-412C-9048-4721E4A41BD9}
		{9073598F-1A14-45F1-8FAA-77B96B3BBC1B} = {F2922EB6-2499-412C-9048-4721E4A41BD9}
		{AD3F5D3E-019A-415B-8D76-466440D51847} = {F9F6A57F-B1DD-4A2A-A72D-DAF565F05449}
		{3436D573-9BFF-4404-AAF0-ADED13A34DA8} = {F9F6A57F-B1DD-4A2A-A72D-DAF565F05449}
		{F44D4B58-6234-46DA-85EA-8B4BE8FD02CF} = {F9F6A57F-B1DD-4A2A-A72D-DAF565F05449}
		{4A9ED5D7-3667-49DC-BFA4-BC11E9C7C8C3} = {3A705DFB-27DE-463A-91D2-B9EA4A643BF2}
		{86ADD240-448A-41DA-A808-904F61A6AA6D} = {3A705DFB-27DE-463A-91D2-B9EA4A643BF2}
		{2BF8651C-A5F8-427C-ACC7-CDE862B8B837} = {3A705DFB-27DE-463A-91D2-B9EA4A643BF2}
		{85B46088-F9D1-4C44-9DEB-F452A7029872} = {51F73D11-657C-4ADF-8B4C-7E48AA98127C}
		{FC2A9D4D-C47A-4718-BAB6-D31399CC7251} = {51F73D11-657C-4ADF-8B4C-7E48AA98127C}
		{5ADDA295-579C-47C0-8CCE-8C575605DC31} = {51F73D11-657C-4ADF-8B4C-7E48AA98127C}
		{4EA4BA77-CF3C-4EAF-A180-14FFAEB38038} = {C31B1914-67E0-43D1-AE78-87F544404CE7}
		{CA25E016-9059-44DE-8F12-A141A15C2114} = {C31B1914-67E0-43D1-AE78-87F544404CE7}
		{33A27C93-244B-44B2-B4E4-C6F48DF50E87} = {C31B1914-67E0-43D1-AE78-87F544404CE7}
		{38046C1D-C21F-44B3-9934-39D28DE8B157} = {5094B6AA-6200-4126-A5E5-70962EACA4CF}
		{74E7588F-C791-40D4-B9A5-D9D06DDD9018} = {5094B6AA-6200-4126-A5E5-70962EACA4CF}
		{C71D1819-5F70-4D6F-9427-99629E7AF383} = {5094B6AA-6200-4126-A5E5-70962EACA4CF}
		{04BAD048-22F4-4675-95D0-962D3DF6A6FB} = {A5D3D7EC-09A7-4CAE-A4B3-A29965E81E1D}
		{70EDC92F-0A5D-4E4A-8864-E40CDEB57545} = {A5D3D7EC-09A7-4CAE-A4B3-A29965E81E1D}
		{06FEF5AA-7C49-4388-B370-ECB6278A9B67} = {A5D3D7EC-09A7-4CAE-A4B3-A29965E81E1D}
	EndGlobalSection
EndGlobal
